
Microsoft Visual Studio Solution File, Format Version 12.00
# Visual Studio Version 17
VisualStudioVersion = 17.4.33110.190
MinimumVisualStudioVersion = 10.0.40219.1
Project("{FAE04EC0-301F-11D3-BF4B-00C04F79EFBC}") = "Conta", "Conta\Conta.csproj", "{168EB389-E195-47D6-8E41-F1A8398F567D}"
EndProject
Global
	GlobalSection(SolutionConfigurationPlatforms) = preSolution
		Debug|Any CPU = Debug|Any CPU
		Release|Any CPU = Release|Any CPU
	EndGlobalSection
	GlobalSection(ProjectConfigurationPlatforms) = postSolution
		{168EB389-E195-47D6-8E41-F1A8398F567D}.Debug|Any CPU.ActiveCfg = Debug|Any CPU
		{168EB389-E195-47D6-8E41-F1A8398F567D}.Debug|Any CPU.Build.0 = Debug|Any CPU
		{168EB389-E195-47D6-8E41-F1A8398F567D}.Release|Any CPU.ActiveCfg = Release|Any CPU
		{168EB389-E195-47D6-8E41-F1A8398F567D}.Release|Any CPU.Build.0 = Release|Any CPU
	EndGlobalSection
	GlobalSection(SolutionProperties) = preSolution
		HideSolutionNode = FALSE
	EndGlobalSection
	GlobalSection(ExtensibilityGlobals) = postSolution
		SolutionGuid = {4BBC7448-0753-4313-93D2-02E4AFF4BB2F}
	EndGlobalSection
EndGlobal
